
Microsoft Visual Studio Solution File, Format Version 12.00
# Visual Studio Version 17
VisualStudioVersion = 17.5.33530.505
MinimumVisualStudioVersion = 10.0.40219.1
Project("{FAE04EC0-301F-11D3-BF4B-00C04F79EFBC}") = "HealtCare.WebAPI", "HealtCare.WebAPI.csproj", "{95BCE66D-AB2D-40B3-AA07-7018770B2AAD}"
EndProject
Project("{FAE04EC0-301F-11D3-BF4B-00C04F79EFBC}") = "HealtCare.DAL", "..\HealtCare.DAL\HealtCare.DAL.csproj", "{EAA7529C-C401-46D3-9F12-42847D6E88CA}"
EndProject
Global
	GlobalSection(SolutionConfigurationPlatforms) = preSolution
		Debug|Any CPU = Debug|Any CPU
		Release|Any CPU = Release|Any CPU
	EndGlobalSection
	GlobalSection(ProjectConfigurationPlatforms) = postSolution
		{95BCE66D-AB2D-40B3-AA07-7018770B2AAD}.Debug|Any CPU.ActiveCfg = Debug|Any CPU
		{95BCE66D-AB2D-40B3-AA07-7018770B2AAD}.Debug|Any CPU.Build.0 = Debug|Any CPU
		{95BCE66D-AB2D-40B3-AA07-7018770B2AAD}.Release|Any CPU.ActiveCfg = Release|Any CPU
		{95BCE66D-AB2D-40B3-AA07-7018770B2AAD}.Release|Any CPU.Build.0 = Release|Any CPU
		{EAA7529C-C401-46D3-9F12-42847D6E88CA}.Debug|Any CPU.ActiveCfg = Debug|Any CPU
		{EAA7529C-C401-46D3-9F12-42847D6E88CA}.Debug|Any CPU.Build.0 = Debug|Any CPU
		{EAA7529C-C401-46D3-9F12-42847D6E88CA}.Release|Any CPU.ActiveCfg = Release|Any CPU
		{EAA7529C-C401-46D3-9F12-42847D6E88CA}.Release|Any CPU.Build.0 = Release|Any CPU
	EndGlobalSection
	GlobalSection(SolutionProperties) = preSolution
		HideSolutionNode = FALSE
	EndGlobalSection
	GlobalSection(ExtensibilityGlobals) = postSolution
		SolutionGuid = {81B4536F-586F-4102-8ECE-7AE928D24C4F}
	EndGlobalSection
EndGlobal
